
Microsoft Visual Studio Solution File, Format Version 12.00
# Visual Studio Version 17
VisualStudioVersion = 17.8.34511.84
MinimumVisualStudioVersion = 10.0.40219.1
Project("{8BC9CEB8-8B4A-11D0-8D11-00A0C91BC942}") = "vmm", "vmm.vcxproj", "{0A0E0EC5-2C28-4150-A252-FC45DE35702B}"
EndProject
Global
	GlobalSection(SolutionConfigurationPlatforms) = preSolution
		Debug|ARM64 = Debug|ARM64
		Debug|x64 = Debug|x64
		Release|ARM64 = Release|ARM64
		Release|x64 = Release|x64
	EndGlobalSection
	GlobalSection(ProjectConfigurationPlatforms) = postSolution
		{0A0E0EC5-2C28-4150-A252-FC45DE35702B}.Debug|ARM64.ActiveCfg = Debug|ARM64
		{0A0E0EC5-2C28-4150-A252-FC45DE35702B}.Debug|ARM64.Build.0 = Debug|ARM64
		{0A0E0EC5-2C28-4150-A252-FC45DE35702B}.Debug|ARM64.Deploy.0 = Debug|ARM64
		{0A0E0EC5-2C28-4150-A252-FC45DE35702B}.Debug|x64.ActiveCfg = Debug|x64
		{0A0E0EC5-2C28-4150-A252-FC45DE35702B}.Debug|x64.Build.0 = Debug|x64
		{0A0E0EC5-2C28-4150-A252-FC45DE35702B}.Debug|x64.Deploy.0 = Debug|x64
		{0A0E0EC5-2C28-4150-A252-FC45DE35702B}.Release|ARM64.ActiveCfg = Release|ARM64
		{0A0E0EC5-2C28-4150-A252-FC45DE35702B}.Release|ARM64.Build.0 = Release|ARM64
		{0A0E0EC5-2C28-4150-A252-FC45DE35702B}.Release|ARM64.Deploy.0 = Release|ARM64
		{0A0E0EC5-2C28-4150-A252-FC45DE35702B}.Release|x64.ActiveCfg = Release|x64
		{0A0E0EC5-2C28-4150-A252-FC45DE35702B}.Release|x64.Build.0 = Release|x64
		{0A0E0EC5-2C28-4150-A252-FC45DE35702B}.Release|x64.Deploy.0 = Release|x64
	EndGlobalSection
	GlobalSection(SolutionProperties) = preSolution
		HideSolutionNode = FALSE
	EndGlobalSection
	GlobalSection(ExtensibilityGlobals) = postSolution
		SolutionGuid = {97B9A0AB-1E53-4974-AB9B-B146FC538535}
	EndGlobalSection
EndGlobal
