<?xml version="1.0" encoding="utf-8"?>
<Project ToolsVersion="4.0" xmlns="http://schemas.microsoft.com/developer/msbuild/2003">
  <ItemGroup>
    <ClCompile Include="src\Header\ARCH\VMEXIT\HANDLERS\cpuid.cpp" />
    <ClCompile Include="src\Header\ARCH\VMEXIT\HANDLERS\msr.cpp" />
    <ClCompile Include="src\Header\Hypercall\hypercall.cpp" />
    <ClCompile Include="src\Source\asm\sce.cpp" />
    <ClCompile Include="src\Source\Hypervisor.cpp" />
    <ClCompile Include="src\Header\smbios\smbios.cpp" />
    <ClCompile Include="src\Source\SVM\svm.cpp" />
    <ClCompile Include="src\Source\commons.cpp" />
    <ClCompile Include="src\Source\main.cpp" />
  </ItemGroup>
  <ItemGroup>
    <ClInclude Include="src\Header\ARCH\MSRs\cstar.h" />
    <ClInclude Include="src\Header\ARCH\MSRs\lstar.h" />
    <ClInclude Include="src\Header\ARCH\MSRs\pl3_ssp.h" />
    <ClInclude Include="src\Header\ARCH\MSRs\sfmask.h" />
    <ClInclude Include="src\Header\ARCH\MSRs\star.h" />
    <ClInclude Include="src\Header\ARCH\MSRs\s_cet.h" />
    <ClInclude Include="src\Header\ARCH\MSRs\u_cet.h" />
    <ClInclude Include="src\Header\ARCH\rflags.h" />
    <ClInclude Include="src\Header\ARCH\VMCB\stack_frame_t.h" />
    <ClInclude Include="src\Header\ARCH\VMEXIT\handlers.h" />
    <ClInclude Include="src\Header\ARCH\PAGES\pages.h" />
    <ClInclude Include="src\Header\Hypercall\hypercall.h" />
    <ClInclude Include="src\Header\ARCH\CR\control_registers.h" />
    <ClInclude Include="src\Header\ARCH\PAGES\npts.h" />
    <ClInclude Include="src\Header\Hypervisor.h" />
    <ClInclude Include="src\Header\smbios\smbios.h" />
    <ClInclude Include="src\Source\asm\sce.h" />
    <ClInclude Include="src\Source\SVM\svm.h" />
    <ClInclude Include="src\Header\ARCH\VMEXIT\EXITINFO\exitinfo2.h" />
    <ClInclude Include="src\Header\Util\bitset.h" />
    <ClInclude Include="src\Header\commons.h" />
    <ClInclude Include="src\Header\ARCH\CPUID\cpuid_t.h" />
    <ClInclude Include="src\Header\datatypes.h" />
    <ClInclude Include="src\Header\ARCH\MSRs\efer.h" />
    <ClInclude Include="src\Header\ARCH\VMEXIT\exit_int_info.h" />
    <ClInclude Include="src\Header\ARCH\CPUID\Extended Features\fn_identifiers.h" />
    <ClInclude Include="src\Header\ARCH\CPUID\Extended Features\fn_processor_capacity.h" />
    <ClInclude Include="src\Header\ARCH\CPUID\Extended Features\fn_svm_features.h" />
    <ClInclude Include="src\Header\ARCH\CPUID\Standard Features\fn_vendor.h" />
    <ClInclude Include="src\Header\ARCH\MSRs\hsave_pa.h" />
    <ClInclude Include="src\Header\ARCH\VMEXIT\EXITINFO\exitinfo1.h" />
    <ClInclude Include="src\Header\ARCH\MSRs\msrs.h" />
    <ClInclude Include="src\Header\ARCH\MSRs\pat.h" />
    <ClInclude Include="src\Header\ARCH\SEGMENT\segment.h" />
    <ClInclude Include="src\Header\ARCH\VMEXIT\svm_exit_code.h" />
    <ClInclude Include="src\Header\SVM_STATUS.h" />
    <ClInclude Include="src\Header\ARCH\VMCB\vmcb.h" />
    <ClInclude Include="src\Header\ARCH\VMCB\vmcb_control.h" />
    <ClInclude Include="src\Header\ARCH\VMCB\vmcb_state_save.h" />
    <ClInclude Include="src\Header\ARCH\MSRs\vm_cr.h" />
  </ItemGroup>
  <ItemGroup>
    <MASM Include="src\Source\asm\vmenter.asm" />
  </ItemGroup>
</Project>