<?xml version="1.0" encoding="utf-8"?>
<Project ToolsVersion="4.0" xmlns="http://schemas.microsoft.com/developer/msbuild/2003">
  <ItemGroup>
    <ClCompile Include="source\header\arch\vmexit\handlers\cpuid.cpp" />
    <ClCompile Include="source\header\arch\vmexit\handlers\msr.cpp" />
    <ClCompile Include="source\header\hypercall\hypercall.cpp" />
    <ClCompile Include="source\main.cpp" />
    <ClCompile Include="source\header\arch\vmexit\handlers\npf.cpp" />
    <ClCompile Include="source\header\arch\vmexit\handlers\vmexit_handler.cpp" />
    <ClCompile Include="source\header\arch\vmexit\handlers\svm.cpp" />
    <ClCompile Include="source\vmm.cpp" />
    <ClCompile Include="source\header\arch\vmexit\handlers\cr4.cpp" />
  </ItemGroup>
  <ItemGroup>
    <ClInclude Include="source\header\arch\msrs\cstar.h" />
    <ClInclude Include="source\header\arch\msrs\lstar.h" />
    <ClInclude Include="source\header\arch\msrs\pl3_ssp.h" />
    <ClInclude Include="source\header\arch\msrs\sfmask.h" />
    <ClInclude Include="source\header\arch\msrs\star.h" />
    <ClInclude Include="source\header\arch\msrs\s_cet.h" />
    <ClInclude Include="source\header\arch\msrs\u_cet.h" />
    <ClInclude Include="source\header\arch\rflags.h" />
    <ClInclude Include="source\header\arch\context.h" />
    <ClInclude Include="source\header\hypercall\hypercall.h" />
    <ClInclude Include="source\header\arch\cr\control_registers.h" />
    <ClInclude Include="source\header\arch\vmexit\exitinfo2.h" />
    <ClInclude Include="source\header\util\bitset.h" />
    <ClInclude Include="source\header\commons.h" />
    <ClInclude Include="source\header\arch\cpuid\cpuid_t.h" />
    <ClInclude Include="source\header\arch\msrs\efer.h" />
    <ClInclude Include="source\header\arch\vmexit\exit_int_info.h" />
    <ClInclude Include="source\header\arch\cpuid\fn_identifiers.h" />
    <ClInclude Include="source\header\arch\cpuid\fn_processor_capacity.h" />
    <ClInclude Include="source\header\arch\cpuid\fn_svm_features.h" />
    <ClInclude Include="source\header\arch\cpuid\fn_vendor.h" />
    <ClInclude Include="source\header\arch\msrs\hsave.h" />
    <ClInclude Include="source\header\arch\vmexit\exitinfo1.h" />
    <ClInclude Include="source\header\arch\msrs\msrs.h" />
    <ClInclude Include="source\header\arch\msrs\pat.h" />
    <ClInclude Include="source\header\arch\segment\segment.h" />
    <ClInclude Include="source\header\svm_status.h" />
    <ClInclude Include="source\header\arch\vcpu\vmcb.h" />
    <ClInclude Include="source\header\arch\vcpu\vmcb_control.h" />
    <ClInclude Include="source\header\arch\vcpu\vmcb_state_save.h" />
    <ClInclude Include="source\header\arch\msrs\vm_cr.h" />
    <ClInclude Include="windows-defs\structs\_RTL_PROCESS_MODULE_INFORMATION.h" />
    <ClInclude Include="windows-defs\structs\_RTL_PROCESS_MODULES.h" />
    <ClInclude Include="source\header\arch\msrs\tsc_ratio.h" />
    <ClInclude Include="source\header\arch\paging\translation.h" />
    <ClInclude Include="source\header\arch\vmexit\handlers.h" />
    <ClInclude Include="source\header\arch\vcpu\vcpu.h" />
    <ClInclude Include="source\header\util\memory.h" />
    <ClInclude Include="source\vmm.h" />
    <ClInclude Include="source\header\arch\paging\pages.h" />
    <ClInclude Include="source\header\arch\vmexit\vmexit_code.h" />
    <ClInclude Include="source\header\hypercall\helpers.h" />
    <ClInclude Include="source\ntdef\def.h" />
    <ClInclude Include="source\ntdef\_ALPC_PROCESS_CONTEXT.h" />
    <ClInclude Include="source\ntdef\_COUNTER_READING.h" />
    <ClInclude Include="source\ntdef\_EPROCESS.h" />
    <ClInclude Include="source\ntdef\_EPROCESS_VALUES.h" />
    <ClInclude Include="source\ntdef\_EX_FAST_REF.h" />
    <ClInclude Include="source\ntdef\_EX_PUSH_LOCK.h" />
    <ClInclude Include="source\ntdef\_EX_PUSH_LOCK_AUTO_EXPAND.h" />
    <ClInclude Include="source\ntdef\_EX_PUSH_LOCK_AUTO_EXPAND_STATE.h" />
    <ClInclude Include="source\ntdef\_JOBOBJECT_WAKE_FILTER.h" />
    <ClInclude Include="source\ntdef\_KAFFINITY_EX.h" />
    <ClInclude Include="source\ntdef\_KDESCRIPTOR.h" />
    <ClInclude Include="source\ntdef\_KEXECUTE_OPTIONS.h" />
    <ClInclude Include="source\ntdef\_KIDTENTRY64.h" />
    <ClInclude Include="source\ntdef\_KPRCB.h" />
    <ClInclude Include="source\ntdef\_KPROCESS.h" />
    <ClInclude Include="source\ntdef\_KPROCESS_PPM_POLICY.h" />
    <ClInclude Include="source\ntdef\_KPROCESS_STATE.h" />
    <ClInclude Include="source\ntdef\_KPROCESSOR_STATE.h" />
    <ClInclude Include="source\ntdef\_KSPECIAL_REGISTERS.h" />
    <ClInclude Include="source\ntdef\_KSTACK_CONTROL.h" />
    <ClInclude Include="source\ntdef\_KTHREAD_PPM_POLICY.h" />
    <ClInclude Include="source\ntdef\_KTHREAD_STATE.h" />
    <ClInclude Include="source\ntdef\_KTHREAD_TAG.h" />
    <ClInclude Include="source\ntdef\_KTIMER.h" />
    <ClInclude Include="source\ntdef\_KWAIT_STATUS_REGISTER.h" />
    <ClInclude Include="source\ntdef\_LDR_DLL_LOAD_REASON.h" />
    <ClInclude Include="source\ntdef\_MMSUPPORT_FLAGS.h" />
    <ClInclude Include="source\ntdef\_MMSUPPORT_FULL.h" />
    <ClInclude Include="source\ntdef\_MMSUPPORT_INSTANCE.h" />
    <ClInclude Include="source\ntdef\_MMSUPPORT_SHARED.h" />
    <ClInclude Include="source\ntdef\_PS_DYNAMIC_ENFORCED_ADDRESS_RANGES.h" />
    <ClInclude Include="source\ntdef\_PS_INTERLOCKED_TIMER_DELAY_VALUES.h" />
    <ClInclude Include="source\ntdef\_PS_PROCESS_WAKE_INFORMATION.h" />
    <ClInclude Include="source\ntdef\_PS_PROTECTION.h" />
    <ClInclude Include="source\ntdef\_RTL_AVL_TREE.h" />
    <ClInclude Include="source\ntdef\_SE_AUDIT_PROCESS_CREATION_INFO.h" />
    <ClInclude Include="source\ntdef\_SYSTEM_INFORMATION_CLASS.h" />
    <ClInclude Include="source\ntdef\_KSTACK_COUNT.h" />
    <ClInclude Include="source\ntdef\_KTHREAD_COUNTERS.h" />
    <ClInclude Include="source\ntdef\_KTHREAD.h" />
  </ItemGroup>
  <ItemGroup>
    <MASM Include="source\asm\vmlaunch.asm" />
    <MASM Include="source\asm\vmmcall.asm" />
  </ItemGroup>
</Project>